
Microsoft Visual Studio Solution File, Format Version 12.00
# Visual Studio Version 16
VisualStudioVersion = 16.0.30128.74
MinimumVisualStudioVersion = 10.0.40219.1
Project("{FAE04EC0-301F-11D3-BF4B-00C04F79EFBC}") = "FreedomToInsureWebApi", "FreedomToInsureWebApi.csproj", "{1E33A5A3-06EE-4C8F-8A7B-B11F144FC94C}"
EndProject
Global
	GlobalSection(SolutionConfigurationPlatforms) = preSolution
		Debug|Any CPU = Debug|Any CPU
		Release|Any CPU = Release|Any CPU
	EndGlobalSection
	GlobalSection(ProjectConfigurationPlatforms) = postSolution
		{1E33A5A3-06EE-4C8F-8A7B-B11F144FC94C}.Debug|Any CPU.ActiveCfg = Debug|Any CPU
		{1E33A5A3-06EE-4C8F-8A7B-B11F144FC94C}.Debug|Any CPU.Build.0 = Debug|Any CPU
		{1E33A5A3-06EE-4C8F-8A7B-B11F144FC94C}.Release|Any CPU.ActiveCfg = Release|Any CPU
		{1E33A5A3-06EE-4C8F-8A7B-B11F144FC94C}.Release|Any CPU.Build.0 = Release|Any CPU
	EndGlobalSection
	GlobalSection(SolutionProperties) = preSolution
		HideSolutionNode = FALSE
	EndGlobalSection
	GlobalSection(ExtensibilityGlobals) = postSolution
		SolutionGuid = {3D8C19CF-2D11-476B-B836-315856754BCC}
	EndGlobalSection
EndGlobal
